# THIS IS AN AUTOGENERATED FILE. DO NOT EDIT THIS FILE DIRECTLY.
# yarn lockfile v1


nodemailer@^10.0.10:
  version "10.0.10"
  resolved "https://registry.yarnpkg.com/nodemailer/-/nodemailer-10.0.10.tgz#a5ac2828272903740cb04ce17d1a4468e2e06cb3"
  integrity sha512-He9XskOFms62SyAKkLu8CcGcYHAo+BSHSsORI8s4PJH8qZgZY4L4lDfvyN0twvmbpyG+eGrxpyBlskj9d9rJ8A==
